---
label: Testimonal Block
hide_body: true
fields:
- name: quote
  type: textarea
  default: ''
  config:
    required: false
    wysiwyg: false
    schema:
      format: markdown
  label: Quote
- name: name
  type: text
  config:
    required: false
  label: Name
- name: company
  type: text
  config:
    required: false
  label: Company
